// !$*UTF8*$!
{
	archiveVersion = 1;
	classes = {
	};
	objectVersion = 50;
	objects = {

/* Begin PBXBuildFile section */
		B225A48E23A6D8600064CA00 /* MapaViewController.swift in Sources */ = {isa = PBXBuildFile; fileRef = B225A48D23A6D8600064CA00 /* MapaViewController.swift */; };
		B225A49023A70A610064CA00 /* Localizacion.swift in Sources */ = {isa = PBXBuildFile; fileRef = B225A48F23A70A610064CA00 /* Localizacion.swift */; };
		B25EB00223A6CFBC00B5ABD0 /* AppDelegate.swift in Sources */ = {isa = PBXBuildFile; fileRef = B25EB00123A6CFBC00B5ABD0 /* AppDelegate.swift */; };
		B25EB00623A6CFBC00B5ABD0 /* ViewController.swift in Sources */ = {isa = PBXBuildFile; fileRef = B25EB00523A6CFBC00B5ABD0 /* ViewController.swift */; };
		B25EB00923A6CFBC00B5ABD0 /* Main.storyboard in Resources */ = {isa = PBXBuildFile; fileRef = B25EB00723A6CFBC00B5ABD0 /* Main.storyboard */; };
		B25EB00B23A6CFBF00B5ABD0 /* Assets.xcassets in Resources */ = {isa = PBXBuildFile; fileRef = B25EB00A23A6CFBF00B5ABD0 /* Assets.xcassets */; };
		B25EB00E23A6CFBF00B5ABD0 /* LaunchScreen.storyboard in Resources */ = {isa = PBXBuildFile; fileRef = B25EB00C23A6CFBF00B5ABD0 /* LaunchScreen.storyboard */; };
		B2EFF35623A8606C0025B7FF /* BusModel.swift in Sources */ = {isa = PBXBuildFile; fileRef = B2EFF35523A8606C0025B7FF /* BusModel.swift */; };
/* End PBXBuildFile section */

/* Begin PBXFileReference section */
		B225A48D23A6D8600064CA00 /* MapaViewController.swift */ = {isa = PBXFileReference; lastKnownFileType = sourcecode.swift; path = MapaViewController.swift; sourceTree = "<group>"; };
		B225A48F23A70A610064CA00 /* Localizacion.swift */ = {isa = PBXFileReference; lastKnownFileType = sourcecode.swift; path = Localizacion.swift; sourceTree = "<group>"; };
		B25EAFFE23A6CFBC00B5ABD0 /* mapaBus.app */ = {isa = PBXFileReference; explicitFileType = wrapper.application; includeInIndex = 0; path = mapaBus.app; sourceTree = BUILT_PRODUCTS_DIR; };
		B25EB00123A6CFBC00B5ABD0 /* AppDelegate.swift */ = {isa = PBXFileReference; lastKnownFileType = sourcecode.swift; path = AppDelegate.swift; sourceTree = "<group>"; };
		B25EB00523A6CFBC00B5ABD0 /* ViewController.swift */ = {isa = PBXFileReference; lastKnownFileType = sourcecode.swift; path = ViewController.swift; sourceTree = "<group>"; };
		B25EB00823A6CFBC00B5ABD0 /* Base */ = {isa = PBXFileReference; lastKnownFileType = file.storyboard; name = Base; path = Base.lproj/Main.storyboard; sourceTree = "<group>"; };
		B25EB00A23A6CFBF00B5ABD0 /* Assets.xcassets */ = {isa = PBXFileReference; lastKnownFileType = folder.assetcatalog; path = Assets.xcassets; sourceTree = "<group>"; };
		B25EB00D23A6CFBF00B5ABD0 /* Base */ = {isa = PBXFileReference; lastKnownFileType = file.storyboard; name = Base; path = Base.lproj/LaunchScreen.storyboard; sourceTree = "<group>"; };
		B25EB00F23A6CFBF00B5ABD0 /* Info.plist */ = {isa = PBXFileReference; lastKnownFileType = text.plist.xml; path = Info.plist; sourceTree = "<group>"; };
		B2EFF35523A8606C0025B7FF /* BusModel.swift */ = {isa = PBXFileReference; lastKnownFileType = sourcecode.swift; path = BusModel.swift; sourceTree = "<group>"; };
/* End PBXFileReference section */

/* Begin PBXFrameworksBuildPhase section */
		B25EAFFB23A6CFBC00B5ABD0 /* Frameworks */ = {
			isa = PBXFrameworksBuildPhase;
			buildActionMask = 2147483647;
			files = (
			);
			runOnlyForDeploymentPostprocessing = 0;
		};
/* End PBXFrameworksBuildPhase section */

/* Begin PBXGroup section */
		B25EAFF523A6CFBC00B5ABD0 = {
			isa = PBXGroup;
			children = (
				B25EB00023A6CFBC00B5ABD0 /* mapaBus */,
				B25EAFFF23A6CFBC00B5ABD0 /* Products */,
			);
			sourceTree = "<group>";
		};
		B25EAFFF23A6CFBC00B5ABD0 /* Products */ = {
			isa = PBXGroup;
			children = (
				B25EAFFE23A6CFBC00B5ABD0 /* mapaBus.app */,
			);
			name = Products;
			sourceTree = "<group>";
		};
		B25EB00023A6CFBC00B5ABD0 /* mapaBus */ = {
			isa = PBXGroup;
			children = (
				B2EFF35423A860600025B7FF /* Model */,
				B25EB00123A6CFBC00B5ABD0 /* AppDelegate.swift */,
				B25EB00523A6CFBC00B5ABD0 /* ViewController.swift */,
				B25EB00723A6CFBC00B5ABD0 /* Main.storyboard */,
				B25EB00A23A6CFBF00B5ABD0 /* Assets.xcassets */,
				B25EB00C23A6CFBF00B5ABD0 /* LaunchScreen.storyboard */,
				B25EB00F23A6CFBF00B5ABD0 /* Info.plist */,
				B225A48D23A6D8600064CA00 /* MapaViewController.swift */,
				B225A48F23A70A610064CA00 /* Localizacion.swift */,
			);
			path = mapaBus;
			sourceTree = "<group>";
		};
		B2EFF35423A860600025B7FF /* Model */ = {
			isa = PBXGroup;
			children = (
				B2EFF35523A8606C0025B7FF /* BusModel.swift */,
			);
			path = Model;
			sourceTree = "<group>";
		};
/* End PBXGroup section */

/* Begin PBXNativeTarget section */
		B25EAFFD23A6CFBC00B5ABD0 /* mapaBus */ = {
			isa = PBXNativeTarget;
			buildConfigurationList = B25EB01223A6CFBF00B5ABD0 /* Build configuration list for PBXNativeTarget "mapaBus" */;
			buildPhases = (
				B25EAFFA23A6CFBC00B5ABD0 /* Sources */,
				B25EAFFB23A6CFBC00B5ABD0 /* Frameworks */,
				B25EAFFC23A6CFBC00B5ABD0 /* Resources */,
			);
			buildRules = (
			);
			dependencies = (
			);
			name = mapaBus;
			productName = mapaBus;
			productReference = B25EAFFE23A6CFBC00B5ABD0 /* mapaBus.app */;
			productType = "com.apple.product-type.application";
		};
/* End PBXNativeTarget section */

/* Begin PBXProject section */
		B25EAFF623A6CFBC00B5ABD0 /* Project object */ = {
			isa = PBXProject;
			attributes = {
				LastSwiftUpdateCheck = 1120;
				LastUpgradeCheck = 1120;
				ORGANIZATIONNAME = "Gaston Rodriguez Agriel";
				TargetAttributes = {
					B25EAFFD23A6CFBC00B5ABD0 = {
						CreatedOnToolsVersion = 11.2.1;
					};
				};
			};
			buildConfigurationList = B25EAFF923A6CFBC00B5ABD0 /* Build configuration list for PBXProject "mapaBus" */;
			compatibilityVersion = "Xcode 9.3";
			developmentRegion = en;
			hasScannedForEncodings = 0;
			knownRegions = (
				en,
				Base,
			);
			mainGroup = B25EAFF523A6CFBC00B5ABD0;
			productRefGroup = B25EAFFF23A6CFBC00B5ABD0 /* Products */;
			projectDirPath = "";
			projectRoot = "";
			targets = (
				B25EAFFD23A6CFBC00B5ABD0 /* mapaBus */,
			);
		};
/* End PBXProject section */

/* Begin PBXResourcesBuildPhase section */
		B25EAFFC23A6CFBC00B5ABD0 /* Resources */ = {
			isa = PBXResourcesBuildPhase;
			buildActionMask = 2147483647;
			files = (
				B25EB00E23A6CFBF00B5ABD0 /* LaunchScreen.storyboard in Resources */,
				B25EB00B23A6CFBF00B5ABD0 /* Assets.xcassets in Resources */,
				B25EB00923A6CFBC00B5ABD0 /* Main.storyboard in Resources */,
			);
			runOnlyForDeploymentPostprocessing = 0;
		};
/* End PBXResourcesBuildPhase section */

/* Begin PBXSourcesBuildPhase section */
		B25EAFFA23A6CFBC00B5ABD0 /* Sources */ = {
			isa = PBXSourcesBuildPhase;
			buildActionMask = 2147483647;
			files = (
				B2EFF35623A8606C0025B7FF /* BusModel.swift in Sources */,
				B25EB00623A6CFBC00B5ABD0 /* ViewController.swift in Sources */,
				B225A49023A70A610064CA00 /* Localizacion.swift in Sources */,
				B225A48E23A6D8600064CA00 /* MapaViewController.swift in Sources */,
				B25EB00223A6CFBC00B5ABD0 /* AppDelegate.swift in Sources */,
			);
			runOnlyForDeploymentPostprocessing = 0;
		};
/* End PBXSourcesBuildPhase section */

/* Begin PBXVariantGroup section */
		B25EB00723A6CFBC00B5ABD0 /* Main.storyboard */ = {
			isa = PBXVariantGroup;
			children = (
				B25EB00823A6CFBC00B5ABD0 /* Base */,
			);
			name = Main.storyboard;
			sourceTree = "<group>";
		};
		B25EB00C23A6CFBF00B5ABD0 /* LaunchScreen.storyboard */ = {
			isa = PBXVariantGroup;
			children = (
				B25EB00D23A6CFBF00B5ABD0 /* Base */,
			);
			name = LaunchScreen.storyboard;
			sourceTree = "<group>";
		};
/* End PBXVariantGroup section */

/* Begin XCBuildConfiguration section */
		B25EB01023A6CFBF00B5ABD0 /* Debug */ = {
			isa = XCBuildConfiguration;
			buildSettings = {
				ALWAYS_SEARCH_USER_PATHS = NO;
				CLANG_ANALYZER_NONNULL = YES;
				CLANG_ANALYZER_NUMBER_OBJECT_CONVERSION = YES_AGGRESSIVE;
				CLANG_CXX_LANGUAGE_STANDARD = "gnu++14";
				CLANG_CXX_LIBRARY = "libc++";
				CLANG_ENABLE_MODULES = YES;
				CLANG_ENABLE_OBJC_ARC = YES;
				CLANG_ENABLE_OBJC_WEAK = YES;
				CLANG_WARN_BLOCK_CAPTURE_AUTORELEASING = YES;
				CLANG_WARN_BOOL_CONVERSION = YES;
				CLANG_WARN_COMMA = YES;
				CLANG_WARN_CONSTANT_CONVERSION = YES;
				CLANG_WARN_DEPRECATED_OBJC_IMPLEMENTATIONS = YES;
				CLANG_WARN_DIRECT_OBJC_ISA_USAGE = YES_ERROR;
				CLANG_WARN_DOCUMENTATION_COMMENTS = YES;
				CLANG_WARN_EMPTY_BODY = YES;
				CLANG_WARN_ENUM_CONVERSION = YES;
				CLANG_WARN_INFINITE_RECURSION = YES;
				CLANG_WARN_INT_CONVERSION = YES;
				CLANG_WARN_NON_LITERAL_NULL_CONVERSION = YES;
				CLANG_WARN_OBJC_IMPLICIT_RETAIN_SELF = YES;
				CLANG_WARN_OBJC_LITERAL_CONVERSION = YES;
				CLANG_WARN_OBJC_ROOT_CLASS = YES_ERROR;
				CLANG_WARN_RANGE_LOOP_ANALYSIS = YES;
				CLANG_WARN_STRICT_PROTOTYPES = YES;
				CLANG_WARN_SUSPICIOUS_MOVE = YES;
				CLANG_WARN_UNGUARDED_AVAILABILITY = YES_AGGRESSIVE;
				CLANG_WARN_UNREACHABLE_CODE = YES;
				CLANG_WARN__DUPLICATE_METHOD_MATCH = YES;
				COPY_PHASE_STRIP = NO;
				DEBUG_INFORMATION_FORMAT = dwarf;
				ENABLE_STRICT_OBJC_MSGSEND = YES;
				ENABLE_TESTABILITY = YES;
				GCC_C_LANGUAGE_STANDARD = gnu11;
				GCC_DYNAMIC_NO_PIC = NO;
				GCC_NO_COMMON_BLOCKS = YES;
				GCC_OPTIMIZATION_LEVEL = 0;
				GCC_PREPROCESSOR_DEFINITIONS = (
					"DEBUG=1",
					"$(inherited)",
				);
				GCC_WARN_64_TO_32_BIT_CONVERSION = YES;
				GCC_WARN_ABOUT_RETURN_TYPE = YES_ERROR;
				GCC_WARN_UNDECLARED_SELECTOR = YES;
				GCC_WARN_UNINITIALIZED_AUTOS = YES_AGGRESSIVE;
				GCC_WARN_UNUSED_FUNCTION = YES;
				GCC_WARN_UNUSED_VARIABLE = YES;
				IPHONEOS_DEPLOYMENT_TARGET = 13.2;
				MTL_ENABLE_DEBUG_INFO = INCLUDE_SOURCE;
				MTL_FAST_MATH = YES;
				ONLY_ACTIVE_ARCH = YES;
				SDKROOT = iphoneos;
				SWIFT_ACTIVE_COMPILATION_CONDITIONS = DEBUG;
				SWIFT_OPTIMIZATION_LEVEL = "-Onone";
			};
			name = Debug;
		};
		B25EB01123A6CFBF00B5ABD0 /* Release */ = {
			isa = XCBuildConfiguration;
			buildSettings = {
				ALWAYS_SEARCH_USER_PATHS = NO;
				CLANG_ANALYZER_NONNULL = YES;
				CLANG_ANALYZER_NUMBER_OBJECT_CONVERSION = YES_AGGRESSIVE;
				CLANG_CXX_LANGUAGE_STANDARD = "gnu++14";
				CLANG_CXX_LIBRARY = "libc++";
				CLANG_ENABLE_MODULES = YES;
				CLANG_ENABLE_OBJC_ARC = YES;
				CLANG_ENABLE_OBJC_WEAK = YES;
				CLANG_WARN_BLOCK_CAPTURE_AUTORELEASING = YES;
				CLANG_WARN_BOOL_CONVERSION = YES;
				CLANG_WARN_COMMA = YES;
				CLANG_WARN_CONSTANT_CONVERSION = YES;
				CLANG_WARN_DEPRECATED_OBJC_IMPLEMENTATIONS = YES;
				CLANG_WARN_DIRECT_OBJC_ISA_USAGE = YES_ERROR;
				CLANG_WARN_DOCUMENTATION_COMMENTS = YES;
				CLANG_WARN_EMPTY_BODY = YES;
				CLANG_WARN_ENUM_CONVERSION = YES;
				CLANG_WARN_INFINITE_RECURSION = YES;
				CLANG_WARN_INT_CONVERSION = YES;
				CLANG_WARN_NON_LITERAL_NULL_CONVERSION = YES;
				CLANG_WARN_OBJC_IMPLICIT_RETAIN_SELF = YES;
				CLANG_WARN_OBJC_LITERAL_CONVERSION = YES;
				CLANG_WARN_OBJC_ROOT_CLASS = YES_ERROR;
				CLANG_WARN_RANGE_LOOP_ANALYSIS = YES;
				CLANG_WARN_STRICT_PROTOTYPES = YES;
				CLANG_WARN_SUSPICIOUS_MOVE = YES;
				CLANG_WARN_UNGUARDED_AVAILABILITY = YES_AGGRESSIVE;
				CLANG_WARN_UNREACHABLE_CODE = YES;
				CLANG_WARN__DUPLICATE_METHOD_MATCH = YES;
				COPY_PHASE_STRIP = NO;
				DEBUG_INFORMATION_FORMAT = "dwarf-with-dsym";
				ENABLE_NS_ASSERTIONS = NO;
				ENABLE_STRICT_OBJC_MSGSEND = YES;
				GCC_C_LANGUAGE_STANDARD = gnu11;
				GCC_NO_COMMON_BLOCKS = YES;
				GCC_WARN_64_TO_32_BIT_CONVERSION = YES;
				GCC_WARN_ABOUT_RETURN_TYPE = YES_ERROR;
				GCC_WARN_UNDECLARED_SELECTOR = YES;
				GCC_WARN_UNINITIALIZED_AUTOS = YES_AGGRESSIVE;
				GCC_WARN_UNUSED_FUNCTION = YES;
				GCC_WARN_UNUSED_VARIABLE = YES;
				IPHONEOS_DEPLOYMENT_TARGET = 13.2;
				MTL_ENABLE_DEBUG_INFO = NO;
				MTL_FAST_MATH = YES;
				SDKROOT = iphoneos;
				SWIFT_COMPILATION_MODE = wholemodule;
				SWIFT_OPTIMIZATION_LEVEL = "-O";
				VALIDATE_PRODUCT = YES;
			};
			name = Release;
		};
		B25EB01323A6CFBF00B5ABD0 /* Debug */ = {
			isa = XCBuildConfiguration;
			buildSettings = {
				ASSETCATALOG_COMPILER_APPICON_NAME = AppIcon;
				CODE_SIGN_STYLE = Automatic;
				DEVELOPMENT_TEAM = 77SYNQBA4A;
				INFOPLIST_FILE = mapaBus/Info.plist;
				IPHONEOS_DEPLOYMENT_TARGET = 10.0;
				LD_RUNPATH_SEARCH_PATHS = (
					"$(inherited)",
					"@executable_path/Frameworks",
				);
				PRODUCT_BUNDLE_IDENTIFIER = com.miprimerapp.mapaBus;
				PRODUCT_NAME = "$(TARGET_NAME)";
				SWIFT_VERSION = 5.0;
				TARGETED_DEVICE_FAMILY = "1,2";
			};
			name = Debug;
		};
		B25EB01423A6CFBF00B5ABD0 /* Release */ = {
			isa = XCBuildConfiguration;
			buildSettings = {
				ASSETCATALOG_COMPILER_APPICON_NAME = AppIcon;
				CODE_SIGN_STYLE = Automatic;
				DEVELOPMENT_TEAM = 77SYNQBA4A;
				INFOPLIST_FILE = mapaBus/Info.plist;
				IPHONEOS_DEPLOYMENT_TARGET = 10.0;
				LD_RUNPATH_SEARCH_PATHS = (
					"$(inherited)",
					"@executable_path/Frameworks",
				);
				PRODUCT_BUNDLE_IDENTIFIER = com.miprimerapp.mapaBus;
				PRODUCT_NAME = "$(TARGET_NAME)";
				SWIFT_VERSION = 5.0;
				TARGETED_DEVICE_FAMILY = "1,2";
			};
			name = Release;
		};
/* End XCBuildConfiguration section */

/* Begin XCConfigurationList section */
		B25EAFF923A6CFBC00B5ABD0 /* Build configuration list for PBXProject "mapaBus" */ = {
			isa = XCConfigurationList;
			buildConfigurations = (
				B25EB01023A6CFBF00B5ABD0 /* Debug */,
				B25EB01123A6CFBF00B5ABD0 /* Release */,
			);
			defaultConfigurationIsVisible = 0;
			defaultConfigurationName = Release;
		};
		B25EB01223A6CFBF00B5ABD0 /* Build configuration list for PBXNativeTarget "mapaBus" */ = {
			isa = XCConfigurationList;
			buildConfigurations = (
				B25EB01323A6CFBF00B5ABD0 /* Debug */,
				B25EB01423A6CFBF00B5ABD0 /* Release */,
			);
			defaultConfigurationIsVisible = 0;
			defaultConfigurationName = Release;
		};
/* End XCConfigurationList section */
	};
	rootObject = B25EAFF623A6CFBC00B5ABD0 /* Project object */;
}
